// !$*UTF8*$!
{
	archiveVersion = 1;
	classes = {
	};
	objectVersion = 46;
	objects = {

/* Begin PBXBuildFile section */
		B01597391C0A461400C428A8 /* AppDelegate.swift in Sources */ = {isa = PBXBuildFile; fileRef = B01597381C0A461400C428A8 /* AppDelegate.swift */; };
		B015973B1C0A461400C428A8 /* ViewController.swift in Sources */ = {isa = PBXBuildFile; fileRef = B015973A1C0A461400C428A8 /* ViewController.swift */; };
		B015973E1C0A461400C428A8 /* Main.storyboard in Resources */ = {isa = PBXBuildFile; fileRef = B015973C1C0A461400C428A8 /* Main.storyboard */; };
		B01597401C0A461400C428A8 /* Assets.xcassets in Resources */ = {isa = PBXBuildFile; fileRef = B015973F1C0A461400C428A8 /* Assets.xcassets */; };
		B01597431C0A461400C428A8 /* LaunchScreen.storyboard in Resources */ = {isa = PBXBuildFile; fileRef = B01597411C0A461400C428A8 /* LaunchScreen.storyboard */; };
		B015974B1C0A5BAD00C428A8 /* Datos.swift in Sources */ = {isa = PBXBuildFile; fileRef = B015974A1C0A5BAD00C428A8 /* Datos.swift */; };
		B015974D1C0A695E00C428A8 /* colores.swift in Sources */ = {isa = PBXBuildFile; fileRef = B015974C1C0A695E00C428A8 /* colores.swift */; };
/* End PBXBuildFile section */

/* Begin PBXFileReference section */
		B01597351C0A461400C428A8 /* hamburguesasMundo.app */ = {isa = PBXFileReference; explicitFileType = wrapper.application; includeInIndex = 0; path = hamburguesasMundo.app; sourceTree = BUILT_PRODUCTS_DIR; };
		B01597381C0A461400C428A8 /* AppDelegate.swift */ = {isa = PBXFileReference; lastKnownFileType = sourcecode.swift; path = AppDelegate.swift; sourceTree = "<group>"; };
		B015973A1C0A461400C428A8 /* ViewController.swift */ = {isa = PBXFileReference; lastKnownFileType = sourcecode.swift; path = ViewController.swift; sourceTree = "<group>"; };
		B015973D1C0A461400C428A8 /* Base */ = {isa = PBXFileReference; lastKnownFileType = file.storyboard; name = Base; path = Base.lproj/Main.storyboard; sourceTree = "<group>"; };
		B015973F1C0A461400C428A8 /* Assets.xcassets */ = {isa = PBXFileReference; lastKnownFileType = folder.assetcatalog; path = Assets.xcassets; sourceTree = "<group>"; };
		B01597421C0A461400C428A8 /* Base */ = {isa = PBXFileReference; lastKnownFileType = file.storyboard; name = Base; path = Base.lproj/LaunchScreen.storyboard; sourceTree = "<group>"; };
		B01597441C0A461400C428A8 /* Info.plist */ = {isa = PBXFileReference; lastKnownFileType = text.plist.xml; path = Info.plist; sourceTree = "<group>"; };
		B015974A1C0A5BAD00C428A8 /* Datos.swift */ = {isa = PBXFileReference; fileEncoding = 4; lastKnownFileType = sourcecode.swift; path = Datos.swift; sourceTree = "<group>"; };
		B015974C1C0A695E00C428A8 /* colores.swift */ = {isa = PBXFileReference; fileEncoding = 4; lastKnownFileType = sourcecode.swift; path = colores.swift; sourceTree = "<group>"; };
/* End PBXFileReference section */

/* Begin PBXFrameworksBuildPhase section */
		B01597321C0A461400C428A8 /* Frameworks */ = {
			isa = PBXFrameworksBuildPhase;
			buildActionMask = 2147483647;
			files = (
			);
			runOnlyForDeploymentPostprocessing = 0;
		};
/* End PBXFrameworksBuildPhase section */

/* Begin PBXGroup section */
		B015972C1C0A461400C428A8 = {
			isa = PBXGroup;
			children = (
				B01597371C0A461400C428A8 /* hamburguesasMundo */,
				B01597361C0A461400C428A8 /* Products */,
			);
			sourceTree = "<group>";
		};
		B01597361C0A461400C428A8 /* Products */ = {
			isa = PBXGroup;
			children = (
				B01597351C0A461400C428A8 /* hamburguesasMundo.app */,
			);
			name = Products;
			sourceTree = "<group>";
		};
		B01597371C0A461400C428A8 /* hamburguesasMundo */ = {
			isa = PBXGroup;
			children = (
				B01597381C0A461400C428A8 /* AppDelegate.swift */,
				B015973A1C0A461400C428A8 /* ViewController.swift */,
				B015973C1C0A461400C428A8 /* Main.storyboard */,
				B015973F1C0A461400C428A8 /* Assets.xcassets */,
				B01597411C0A461400C428A8 /* LaunchScreen.storyboard */,
				B01597441C0A461400C428A8 /* Info.plist */,
				B015974A1C0A5BAD00C428A8 /* Datos.swift */,
				B015974C1C0A695E00C428A8 /* colores.swift */,
			);
			path = hamburguesasMundo;
			sourceTree = "<group>";
		};
/* End PBXGroup section */

/* Begin PBXNativeTarget section */
		B01597341C0A461400C428A8 /* hamburguesasMundo */ = {
			isa = PBXNativeTarget;
			buildConfigurationList = B01597471C0A461400C428A8 /* Build configuration list for PBXNativeTarget "hamburguesasMundo" */;
			buildPhases = (
				B01597311C0A461400C428A8 /* Sources */,
				B01597321C0A461400C428A8 /* Frameworks */,
				B01597331C0A461400C428A8 /* Resources */,
			);
			buildRules = (
			);
			dependencies = (
			);
			name = hamburguesasMundo;
			productName = hamburguesasMundo;
			productReference = B01597351C0A461400C428A8 /* hamburguesasMundo.app */;
			productType = "com.apple.product-type.application";
		};
/* End PBXNativeTarget section */

/* Begin PBXProject section */
		B015972D1C0A461400C428A8 /* Project object */ = {
			isa = PBXProject;
			attributes = {
				LastSwiftUpdateCheck = 0710;
				LastUpgradeCheck = 0710;
				ORGANIZATIONNAME = "Romy Ocampo";
				TargetAttributes = {
					B01597341C0A461400C428A8 = {
						CreatedOnToolsVersion = 7.1;
					};
				};
			};
			buildConfigurationList = B01597301C0A461400C428A8 /* Build configuration list for PBXProject "hamburguesasMundo" */;
			compatibilityVersion = "Xcode 3.2";
			developmentRegion = English;
			hasScannedForEncodings = 0;
			knownRegions = (
				en,
				Base,
			);
			mainGroup = B015972C1C0A461400C428A8;
			productRefGroup = B01597361C0A461400C428A8 /* Products */;
			projectDirPath = "";
			projectRoot = "";
			targets = (
				B01597341C0A461400C428A8 /* hamburguesasMundo */,
			);
		};
/* End PBXProject section */

/* Begin PBXResourcesBuildPhase section */
		B01597331C0A461400C428A8 /* Resources */ = {
			isa = PBXResourcesBuildPhase;
			buildActionMask = 2147483647;
			files = (
				B01597431C0A461400C428A8 /* LaunchScreen.storyboard in Resources */,
				B01597401C0A461400C428A8 /* Assets.xcassets in Resources */,
				B015973E1C0A461400C428A8 /* Main.storyboard in Resources */,
			);
			runOnlyForDeploymentPostprocessing = 0;
		};
/* End PBXResourcesBuildPhase section */

/* Begin PBXSourcesBuildPhase section */
		B01597311C0A461400C428A8 /* Sources */ = {
			isa = PBXSourcesBuildPhase;
			buildActionMask = 2147483647;
			files = (
				B015973B1C0A461400C428A8 /* ViewController.swift in Sources */,
				B01597391C0A461400C428A8 /* AppDelegate.swift in Sources */,
				B015974B1C0A5BAD00C428A8 /* Datos.swift in Sources */,
				B015974D1C0A695E00C428A8 /* colores.swift in Sources */,
			);
			runOnlyForDeploymentPostprocessing = 0;
		};
/* End PBXSourcesBuildPhase section */

/* Begin PBXVariantGroup section */
		B015973C1C0A461400C428A8 /* Main.storyboard */ = {
			isa = PBXVariantGroup;
			children = (
				B015973D1C0A461400C428A8 /* Base */,
			);
			name = Main.storyboard;
			sourceTree = "<group>";
		};
		B01597411C0A461400C428A8 /* LaunchScreen.storyboard */ = {
			isa = PBXVariantGroup;
			children = (
				B01597421C0A461400C428A8 /* Base */,
			);
			name = LaunchScreen.storyboard;
			sourceTree = "<group>";
		};
/* End PBXVariantGroup section */

/* Begin XCBuildConfiguration section */
		B01597451C0A461400C428A8 /* Debug */ = {
			isa = XCBuildConfiguration;
			buildSettings = {
				ALWAYS_SEARCH_USER_PATHS = NO;
				CLANG_CXX_LANGUAGE_STANDARD = "gnu++0x";
				CLANG_CXX_LIBRARY = "libc++";
				CLANG_ENABLE_MODULES = YES;
				CLANG_ENABLE_OBJC_ARC = YES;
				CLANG_WARN_BOOL_CONVERSION = YES;
				CLANG_WARN_CONSTANT_CONVERSION = YES;
				CLANG_WARN_DIRECT_OBJC_ISA_USAGE = YES_ERROR;
				CLANG_WARN_EMPTY_BODY = YES;
				CLANG_WARN_ENUM_CONVERSION = YES;
				CLANG_WARN_INT_CONVERSION = YES;
				CLANG_WARN_OBJC_ROOT_CLASS = YES_ERROR;
				CLANG_WARN_UNREACHABLE_CODE = YES;
				CLANG_WARN__DUPLICATE_METHOD_MATCH = YES;
				"CODE_SIGN_IDENTITY[sdk=iphoneos*]" = "iPhone Developer";
				COPY_PHASE_STRIP = NO;
				DEBUG_INFORMATION_FORMAT = dwarf;
				ENABLE_STRICT_OBJC_MSGSEND = YES;
				ENABLE_TESTABILITY = YES;
				GCC_C_LANGUAGE_STANDARD = gnu99;
				GCC_DYNAMIC_NO_PIC = NO;
				GCC_NO_COMMON_BLOCKS = YES;
				GCC_OPTIMIZATION_LEVEL = 0;
				GCC_PREPROCESSOR_DEFINITIONS = (
					"DEBUG=1",
					"$(inherited)",
				);
				GCC_WARN_64_TO_32_BIT_CONVERSION = YES;
				GCC_WARN_ABOUT_RETURN_TYPE = YES_ERROR;
				GCC_WARN_UNDECLARED_SELECTOR = YES;
				GCC_WARN_UNINITIALIZED_AUTOS = YES_AGGRESSIVE;
				GCC_WARN_UNUSED_FUNCTION = YES;
				GCC_WARN_UNUSED_VARIABLE = YES;
				IPHONEOS_DEPLOYMENT_TARGET = 9.1;
				MTL_ENABLE_DEBUG_INFO = YES;
				ONLY_ACTIVE_ARCH = YES;
				SDKROOT = iphoneos;
				SWIFT_OPTIMIZATION_LEVEL = "-Onone";
				TARGETED_DEVICE_FAMILY = "1,2";
			};
			name = Debug;
		};
		B01597461C0A461400C428A8 /* Release */ = {
			isa = XCBuildConfiguration;
			buildSettings = {
				ALWAYS_SEARCH_USER_PATHS = NO;
				CLANG_CXX_LANGUAGE_STANDARD = "gnu++0x";
				CLANG_CXX_LIBRARY = "libc++";
				CLANG_ENABLE_MODULES = YES;
				CLANG_ENABLE_OBJC_ARC = YES;
				CLANG_WARN_BOOL_CONVERSION = YES;
				CLANG_WARN_CONSTANT_CONVERSION = YES;
				CLANG_WARN_DIRECT_OBJC_ISA_USAGE = YES_ERROR;
				CLANG_WARN_EMPTY_BODY = YES;
				CLANG_WARN_ENUM_CONVERSION = YES;
				CLANG_WARN_INT_CONVERSION = YES;
				CLANG_WARN_OBJC_ROOT_CLASS = YES_ERROR;
				CLANG_WARN_UNREACHABLE_CODE = YES;
				CLANG_WARN__DUPLICATE_METHOD_MATCH = YES;
				"CODE_SIGN_IDENTITY[sdk=iphoneos*]" = "iPhone Developer";
				COPY_PHASE_STRIP = NO;
				DEBUG_INFORMATION_FORMAT = "dwarf-with-dsym";
				ENABLE_NS_ASSERTIONS = NO;
				ENABLE_STRICT_OBJC_MSGSEND = YES;
				GCC_C_LANGUAGE_STANDARD = gnu99;
				GCC_NO_COMMON_BLOCKS = YES;
				GCC_WARN_64_TO_32_BIT_CONVERSION = YES;
				GCC_WARN_ABOUT_RETURN_TYPE = YES_ERROR;
				GCC_WARN_UNDECLARED_SELECTOR = YES;
				GCC_WARN_UNINITIALIZED_AUTOS = YES_AGGRESSIVE;
				GCC_WARN_UNUSED_FUNCTION = YES;
				GCC_WARN_UNUSED_VARIABLE = YES;
				IPHONEOS_DEPLOYMENT_TARGET = 9.1;
				MTL_ENABLE_DEBUG_INFO = NO;
				SDKROOT = iphoneos;
				TARGETED_DEVICE_FAMILY = "1,2";
				VALIDATE_PRODUCT = YES;
			};
			name = Release;
		};
		B01597481C0A461400C428A8 /* Debug */ = {
			isa = XCBuildConfiguration;
			buildSettings = {
				ASSETCATALOG_COMPILER_APPICON_NAME = AppIcon;
				INFOPLIST_FILE = hamburguesasMundo/Info.plist;
				LD_RUNPATH_SEARCH_PATHS = "$(inherited) @executable_path/Frameworks";
				PRODUCT_BUNDLE_IDENTIFIER = mx.romyocampo.hamburguesasMundo;
				PRODUCT_NAME = "$(TARGET_NAME)";
			};
			name = Debug;
		};
		B01597491C0A461400C428A8 /* Release */ = {
			isa = XCBuildConfiguration;
			buildSettings = {
				ASSETCATALOG_COMPILER_APPICON_NAME = AppIcon;
				INFOPLIST_FILE = hamburguesasMundo/Info.plist;
				LD_RUNPATH_SEARCH_PATHS = "$(inherited) @executable_path/Frameworks";
				PRODUCT_BUNDLE_IDENTIFIER = mx.romyocampo.hamburguesasMundo;
				PRODUCT_NAME = "$(TARGET_NAME)";
			};
			name = Release;
		};
/* End XCBuildConfiguration section */

/* Begin XCConfigurationList section */
		B01597301C0A461400C428A8 /* Build configuration list for PBXProject "hamburguesasMundo" */ = {
			isa = XCConfigurationList;
			buildConfigurations = (
				B01597451C0A461400C428A8 /* Debug */,
				B01597461C0A461400C428A8 /* Release */,
			);
			defaultConfigurationIsVisible = 0;
			defaultConfigurationName = Release;
		};
		B01597471C0A461400C428A8 /* Build configuration list for PBXNativeTarget "hamburguesasMundo" */ = {
			isa = XCConfigurationList;
			buildConfigurations = (
				B01597481C0A461400C428A8 /* Debug */,
				B01597491C0A461400C428A8 /* Release */,
			);
			defaultConfigurationIsVisible = 0;
		};
/* End XCConfigurationList section */
	};
	rootObject = B015972D1C0A461400C428A8 /* Project object */;
}
